
Microsoft Visual Studio Solution File, Format Version 12.00
# Visual Studio Version 16
VisualStudioVersion = 16.0.31911.196
MinimumVisualStudioVersion = 10.0.40219.1
Project("{9A19103F-16F7-4668-BE54-9A1E7A4F7556}") = "speechTest", "speechTest\speechTest.csproj", "{248BB559-8B4C-47B9-8F8C-FE39A5C7D8CC}"
EndProject
Project("{9A19103F-16F7-4668-BE54-9A1E7A4F7556}") = "speechTest2", "speechTest2\speechTest2.csproj", "{C3DE8A09-79C4-4636-B38A-0073130C7456}"
EndProject
Project("{FAE04EC0-301F-11D3-BF4B-00C04F79EFBC}") = "SpeechWeb", "SpeechWeb\SpeechWeb.csproj", "{7C2DEF48-9497-42FA-8726-D8010001B561}"
EndProject
Global
	GlobalSection(SolutionConfigurationPlatforms) = preSolution
		Debug|Any CPU = Debug|Any CPU
		Release|Any CPU = Release|Any CPU
	EndGlobalSection
	GlobalSection(ProjectConfigurationPlatforms) = postSolution
		{248BB559-8B4C-47B9-8F8C-FE39A5C7D8CC}.Debug|Any CPU.ActiveCfg = Debug|Any CPU
		{248BB559-8B4C-47B9-8F8C-FE39A5C7D8CC}.Debug|Any CPU.Build.0 = Debug|Any CPU
		{248BB559-8B4C-47B9-8F8C-FE39A5C7D8CC}.Release|Any CPU.ActiveCfg = Release|Any CPU
		{248BB559-8B4C-47B9-8F8C-FE39A5C7D8CC}.Release|Any CPU.Build.0 = Release|Any CPU
		{C3DE8A09-79C4-4636-B38A-0073130C7456}.Debug|Any CPU.ActiveCfg = Debug|Any CPU
		{C3DE8A09-79C4-4636-B38A-0073130C7456}.Debug|Any CPU.Build.0 = Debug|Any CPU
		{C3DE8A09-79C4-4636-B38A-0073130C7456}.Release|Any CPU.ActiveCfg = Release|Any CPU
		{C3DE8A09-79C4-4636-B38A-0073130C7456}.Release|Any CPU.Build.0 = Release|Any CPU
		{7C2DEF48-9497-42FA-8726-D8010001B561}.Debug|Any CPU.ActiveCfg = Debug|Any CPU
		{7C2DEF48-9497-42FA-8726-D8010001B561}.Debug|Any CPU.Build.0 = Debug|Any CPU
		{7C2DEF48-9497-42FA-8726-D8010001B561}.Release|Any CPU.ActiveCfg = Release|Any CPU
		{7C2DEF48-9497-42FA-8726-D8010001B561}.Release|Any CPU.Build.0 = Release|Any CPU
	EndGlobalSection
	GlobalSection(SolutionProperties) = preSolution
		HideSolutionNode = FALSE
	EndGlobalSection
	GlobalSection(ExtensibilityGlobals) = postSolution
		SolutionGuid = {3E28D2A7-0B54-48E7-9490-62D5A7E37AAF}
	EndGlobalSection
EndGlobal
